
Microsoft Visual Studio Solution File, Format Version 12.00
# Visual Studio Version 17
VisualStudioVersion = 17.11.35222.181
MinimumVisualStudioVersion = 10.0.40219.1
Project("{9A19103F-16F7-4668-BE54-9A1E7A4F7556}") = "NguyenLeMinhDungFall2024WPF", "NguyenLeMinhDung_ SE1706_Fall2024_A01\NguyenLeMinhDungFall2024WPF.csproj", "{DB0E8CD5-061E-4F89-8AC1-342D890503EC}"
EndProject
Project("{9A19103F-16F7-4668-BE54-9A1E7A4F7556}") = "BusinessObjects", "BusinessObjects\BusinessObjects.csproj", "{3F69601A-6C7D-4770-BED3-45B35277EB53}"
EndProject
Project("{9A19103F-16F7-4668-BE54-9A1E7A4F7556}") = "DataAccessObjects", "DataAccessObjects\DataAccessObjects.csproj", "{250484D5-4A41-4939-9632-3AAAF2959A61}"
EndProject
Project("{9A19103F-16F7-4668-BE54-9A1E7A4F7556}") = "Repository", "Repository\Repository.csproj", "{2A5D1B48-B658-4402-B315-43FB8A27689D}"
EndProject
Project("{9A19103F-16F7-4668-BE54-9A1E7A4F7556}") = "NguyenLeMinhDungFall2024RazorPages", "NguyenLeMinhDungFall2024RazorPages\NguyenLeMinhDungFall2024RazorPages.csproj", "{C37E89E4-B2E4-4D9C-AFF3-2EF13848405F}"
EndProject
Global
	GlobalSection(SolutionConfigurationPlatforms) = preSolution
		Debug|Any CPU = Debug|Any CPU
		Release|Any CPU = Release|Any CPU
	EndGlobalSection
	GlobalSection(ProjectConfigurationPlatforms) = postSolution
		{DB0E8CD5-061E-4F89-8AC1-342D890503EC}.Debug|Any CPU.ActiveCfg = Debug|Any CPU
		{DB0E8CD5-061E-4F89-8AC1-342D890503EC}.Debug|Any CPU.Build.0 = Debug|Any CPU
		{DB0E8CD5-061E-4F89-8AC1-342D890503EC}.Release|Any CPU.ActiveCfg = Release|Any CPU
		{DB0E8CD5-061E-4F89-8AC1-342D890503EC}.Release|Any CPU.Build.0 = Release|Any CPU
		{3F69601A-6C7D-4770-BED3-45B35277EB53}.Debug|Any CPU.ActiveCfg = Debug|Any CPU
		{3F69601A-6C7D-4770-BED3-45B35277EB53}.Debug|Any CPU.Build.0 = Debug|Any CPU
		{3F69601A-6C7D-4770-BED3-45B35277EB53}.Release|Any CPU.ActiveCfg = Release|Any CPU
		{3F69601A-6C7D-4770-BED3-45B35277EB53}.Release|Any CPU.Build.0 = Release|Any CPU
		{250484D5-4A41-4939-9632-3AAAF2959A61}.Debug|Any CPU.ActiveCfg = Debug|Any CPU
		{250484D5-4A41-4939-9632-3AAAF2959A61}.Debug|Any CPU.Build.0 = Debug|Any CPU
		{250484D5-4A41-4939-9632-3AAAF2959A61}.Release|Any CPU.ActiveCfg = Release|Any CPU
		{250484D5-4A41-4939-9632-3AAAF2959A61}.Release|Any CPU.Build.0 = Release|Any CPU
		{2A5D1B48-B658-4402-B315-43FB8A27689D}.Debug|Any CPU.ActiveCfg = Debug|Any CPU
		{2A5D1B48-B658-4402-B315-43FB8A27689D}.Debug|Any CPU.Build.0 = Debug|Any CPU
		{2A5D1B48-B658-4402-B315-43FB8A27689D}.Release|Any CPU.ActiveCfg = Release|Any CPU
		{2A5D1B48-B658-4402-B315-43FB8A27689D}.Release|Any CPU.Build.0 = Release|Any CPU
		{C37E89E4-B2E4-4D9C-AFF3-2EF13848405F}.Debug|Any CPU.ActiveCfg = Debug|Any CPU
		{C37E89E4-B2E4-4D9C-AFF3-2EF13848405F}.Debug|Any CPU.Build.0 = Debug|Any CPU
		{C37E89E4-B2E4-4D9C-AFF3-2EF13848405F}.Release|Any CPU.ActiveCfg = Release|Any CPU
		{C37E89E4-B2E4-4D9C-AFF3-2EF13848405F}.Release|Any CPU.Build.0 = Release|Any CPU
	EndGlobalSection
	GlobalSection(SolutionProperties) = preSolution
		HideSolutionNode = FALSE
	EndGlobalSection
	GlobalSection(ExtensibilityGlobals) = postSolution
		SolutionGuid = {21322EEA-1E2D-4DE6-B030-FB4CA2FCCFD2}
	EndGlobalSection
EndGlobal
